
Microsoft Visual Studio Solution File, Format Version 12.00
# Visual Studio Version 16
VisualStudioVersion = 16.0.29519.181
MinimumVisualStudioVersion = 10.0.40219.1
Project("{F184B08F-C81C-45F6-A57F-5ABD9991F28F}") = "appStationPC", "appStationPC.vbproj", "{AB340DC1-4A6A-4B62-B859-7D4C298E378A}"
EndProject
Global
	GlobalSection(SolutionConfigurationPlatforms) = preSolution
		Debug|Any CPU = Debug|Any CPU
		Release|Any CPU = Release|Any CPU
	EndGlobalSection
	GlobalSection(ProjectConfigurationPlatforms) = postSolution
		{AB340DC1-4A6A-4B62-B859-7D4C298E378A}.Debug|Any CPU.ActiveCfg = Debug|Any CPU
		{AB340DC1-4A6A-4B62-B859-7D4C298E378A}.Debug|Any CPU.Build.0 = Debug|Any CPU
		{AB340DC1-4A6A-4B62-B859-7D4C298E378A}.Release|Any CPU.ActiveCfg = Release|Any CPU
		{AB340DC1-4A6A-4B62-B859-7D4C298E378A}.Release|Any CPU.Build.0 = Release|Any CPU
	EndGlobalSection
	GlobalSection(SolutionProperties) = preSolution
		HideSolutionNode = FALSE
	EndGlobalSection
	GlobalSection(ExtensibilityGlobals) = postSolution
		SolutionGuid = {C568ED47-66BE-4F5A-970B-720642180D1D}
	EndGlobalSection
EndGlobal
